// !$*UTF8*$!
{
	archiveVersion = 1;
	classes = {
	};
	objectVersion = 46;
	objects = {

/* Begin PBXBuildFile section */
		A6F6EC9E1B5E6E3C00A996A9 /* main.m in Sources */ = {isa = PBXBuildFile; fileRef = A6F6EC9D1B5E6E3C00A996A9 /* main.m */; };
		A6F6ECA11B5E6E3C00A996A9 /* AppDelegate.m in Sources */ = {isa = PBXBuildFile; fileRef = A6F6ECA01B5E6E3C00A996A9 /* AppDelegate.m */; };
		A6F6ECA41B5E6E3C00A996A9 /* ViewController.m in Sources */ = {isa = PBXBuildFile; fileRef = A6F6ECA31B5E6E3C00A996A9 /* ViewController.m */; };
		A6F6ECA71B5E6E3C00A996A9 /* Main.storyboard in Resources */ = {isa = PBXBuildFile; fileRef = A6F6ECA51B5E6E3C00A996A9 /* Main.storyboard */; };
		A6F6ECA91B5E6E3C00A996A9 /* Images.xcassets in Resources */ = {isa = PBXBuildFile; fileRef = A6F6ECA81B5E6E3C00A996A9 /* Images.xcassets */; };
		A6F6ECAC1B5E6E3C00A996A9 /* LaunchScreen.xib in Resources */ = {isa = PBXBuildFile; fileRef = A6F6ECAA1B5E6E3C00A996A9 /* LaunchScreen.xib */; };
		A6F6ECB81B5E6E3C00A996A9 /* VTZKeyValueTests.m in Sources */ = {isa = PBXBuildFile; fileRef = A6F6ECB71B5E6E3C00A996A9 /* VTZKeyValueTests.m */; };
		A6F6ECC31B5E911300A996A9 /* DataManager.m in Sources */ = {isa = PBXBuildFile; fileRef = A6F6ECC21B5E911300A996A9 /* DataManager.m */; };
		D4018AACE8888288C641224B /* libPods.a in Frameworks */ = {isa = PBXBuildFile; fileRef = 46A27B3A69A7EEC2326336C5 /* libPods.a */; };
/* End PBXBuildFile section */

/* Begin PBXContainerItemProxy section */
		A6F6ECB21B5E6E3C00A996A9 /* PBXContainerItemProxy */ = {
			isa = PBXContainerItemProxy;
			containerPortal = A6F6EC901B5E6E3C00A996A9 /* Project object */;
			proxyType = 1;
			remoteGlobalIDString = A6F6EC971B5E6E3C00A996A9;
			remoteInfo = VTZKeyValue;
		};
/* End PBXContainerItemProxy section */

/* Begin PBXFileReference section */
		0B1C21BE954A1B8C834269AD /* Pods.debug.xcconfig */ = {isa = PBXFileReference; includeInIndex = 1; lastKnownFileType = text.xcconfig; name = Pods.debug.xcconfig; path = "Pods/Target Support Files/Pods/Pods.debug.xcconfig"; sourceTree = "<group>"; };
		46A27B3A69A7EEC2326336C5 /* libPods.a */ = {isa = PBXFileReference; explicitFileType = archive.ar; includeInIndex = 0; path = libPods.a; sourceTree = BUILT_PRODUCTS_DIR; };
		A6F6EC981B5E6E3C00A996A9 /* VTZKeyValue.app */ = {isa = PBXFileReference; explicitFileType = wrapper.application; includeInIndex = 0; path = VTZKeyValue.app; sourceTree = BUILT_PRODUCTS_DIR; };
		A6F6EC9C1B5E6E3C00A996A9 /* Info.plist */ = {isa = PBXFileReference; lastKnownFileType = text.plist.xml; path = Info.plist; sourceTree = "<group>"; };
		A6F6EC9D1B5E6E3C00A996A9 /* main.m */ = {isa = PBXFileReference; lastKnownFileType = sourcecode.c.objc; path = main.m; sourceTree = "<group>"; };
		A6F6EC9F1B5E6E3C00A996A9 /* AppDelegate.h */ = {isa = PBXFileReference; lastKnownFileType = sourcecode.c.h; path = AppDelegate.h; sourceTree = "<group>"; };
		A6F6ECA01B5E6E3C00A996A9 /* AppDelegate.m */ = {isa = PBXFileReference; lastKnownFileType = sourcecode.c.objc; path = AppDelegate.m; sourceTree = "<group>"; };
		A6F6ECA21B5E6E3C00A996A9 /* ViewController.h */ = {isa = PBXFileReference; lastKnownFileType = sourcecode.c.h; path = ViewController.h; sourceTree = "<group>"; };
		A6F6ECA31B5E6E3C00A996A9 /* ViewController.m */ = {isa = PBXFileReference; lastKnownFileType = sourcecode.c.objc; path = ViewController.m; sourceTree = "<group>"; };
		A6F6ECA61B5E6E3C00A996A9 /* Base */ = {isa = PBXFileReference; lastKnownFileType = file.storyboard; name = Base; path = Base.lproj/Main.storyboard; sourceTree = "<group>"; };
		A6F6ECA81B5E6E3C00A996A9 /* Images.xcassets */ = {isa = PBXFileReference; lastKnownFileType = folder.assetcatalog; path = Images.xcassets; sourceTree = "<group>"; };
		A6F6ECAB1B5E6E3C00A996A9 /* Base */ = {isa = PBXFileReference; lastKnownFileType = file.xib; name = Base; path = Base.lproj/LaunchScreen.xib; sourceTree = "<group>"; };
		A6F6ECB11B5E6E3C00A996A9 /* VTZKeyValueTests.xctest */ = {isa = PBXFileReference; explicitFileType = wrapper.cfbundle; includeInIndex = 0; path = VTZKeyValueTests.xctest; sourceTree = BUILT_PRODUCTS_DIR; };
		A6F6ECB61B5E6E3C00A996A9 /* Info.plist */ = {isa = PBXFileReference; lastKnownFileType = text.plist.xml; path = Info.plist; sourceTree = "<group>"; };
		A6F6ECB71B5E6E3C00A996A9 /* VTZKeyValueTests.m */ = {isa = PBXFileReference; lastKnownFileType = sourcecode.c.objc; path = VTZKeyValueTests.m; sourceTree = "<group>"; };
		A6F6ECC11B5E911300A996A9 /* DataManager.h */ = {isa = PBXFileReference; fileEncoding = 4; lastKnownFileType = sourcecode.c.h; path = DataManager.h; sourceTree = "<group>"; };
		A6F6ECC21B5E911300A996A9 /* DataManager.m */ = {isa = PBXFileReference; fileEncoding = 4; lastKnownFileType = sourcecode.c.objc; path = DataManager.m; sourceTree = "<group>"; };
		A6F6ECC81B5EA46300A996A9 /* RACEXTScope.h */ = {isa = PBXFileReference; fileEncoding = 4; lastKnownFileType = sourcecode.c.h; path = RACEXTScope.h; sourceTree = "<group>"; };
		A6F6ECC91B5EA46300A996A9 /* RACmetamacros.h */ = {isa = PBXFileReference; fileEncoding = 4; lastKnownFileType = sourcecode.c.h; path = RACmetamacros.h; sourceTree = "<group>"; };
		B1C93097776A29DA8E334FB7 /* Pods.release.xcconfig */ = {isa = PBXFileReference; includeInIndex = 1; lastKnownFileType = text.xcconfig; name = Pods.release.xcconfig; path = "Pods/Target Support Files/Pods/Pods.release.xcconfig"; sourceTree = "<group>"; };
/* End PBXFileReference section */

/* Begin PBXFrameworksBuildPhase section */
		A6F6EC951B5E6E3C00A996A9 /* Frameworks */ = {
			isa = PBXFrameworksBuildPhase;
			buildActionMask = 2147483647;
			files = (
				D4018AACE8888288C641224B /* libPods.a in Frameworks */,
			);
			runOnlyForDeploymentPostprocessing = 0;
		};
		A6F6ECAE1B5E6E3C00A996A9 /* Frameworks */ = {
			isa = PBXFrameworksBuildPhase;
			buildActionMask = 2147483647;
			files = (
			);
			runOnlyForDeploymentPostprocessing = 0;
		};
/* End PBXFrameworksBuildPhase section */

/* Begin PBXGroup section */
		271C1125E97AA77421F01998 /* Pods */ = {
			isa = PBXGroup;
			children = (
				0B1C21BE954A1B8C834269AD /* Pods.debug.xcconfig */,
				B1C93097776A29DA8E334FB7 /* Pods.release.xcconfig */,
			);
			name = Pods;
			sourceTree = "<group>";
		};
		5A24A534BF799C5E92A35061 /* Frameworks */ = {
			isa = PBXGroup;
			children = (
				46A27B3A69A7EEC2326336C5 /* libPods.a */,
			);
			name = Frameworks;
			sourceTree = "<group>";
		};
		A6F6EC8F1B5E6E3C00A996A9 = {
			isa = PBXGroup;
			children = (
				A6F6EC9A1B5E6E3C00A996A9 /* VTZKeyValue */,
				A6F6ECB41B5E6E3C00A996A9 /* VTZKeyValueTests */,
				A6F6EC991B5E6E3C00A996A9 /* Products */,
				271C1125E97AA77421F01998 /* Pods */,
				5A24A534BF799C5E92A35061 /* Frameworks */,
			);
			sourceTree = "<group>";
		};
		A6F6EC991B5E6E3C00A996A9 /* Products */ = {
			isa = PBXGroup;
			children = (
				A6F6EC981B5E6E3C00A996A9 /* VTZKeyValue.app */,
				A6F6ECB11B5E6E3C00A996A9 /* VTZKeyValueTests.xctest */,
			);
			name = Products;
			sourceTree = "<group>";
		};
		A6F6EC9A1B5E6E3C00A996A9 /* VTZKeyValue */ = {
			isa = PBXGroup;
			children = (
				A6F6EC9F1B5E6E3C00A996A9 /* AppDelegate.h */,
				A6F6ECA01B5E6E3C00A996A9 /* AppDelegate.m */,
				A6F6ECA21B5E6E3C00A996A9 /* ViewController.h */,
				A6F6ECA31B5E6E3C00A996A9 /* ViewController.m */,
				A6F6ECC11B5E911300A996A9 /* DataManager.h */,
				A6F6ECC21B5E911300A996A9 /* DataManager.m */,
				A6F6ECA51B5E6E3C00A996A9 /* Main.storyboard */,
				A6F6ECCA1B5EA46F00A996A9 /* RacHelper */,
				A6F6ECA81B5E6E3C00A996A9 /* Images.xcassets */,
				A6F6ECAA1B5E6E3C00A996A9 /* LaunchScreen.xib */,
				A6F6EC9B1B5E6E3C00A996A9 /* Supporting Files */,
			);
			path = VTZKeyValue;
			sourceTree = "<group>";
		};
		A6F6EC9B1B5E6E3C00A996A9 /* Supporting Files */ = {
			isa = PBXGroup;
			children = (
				A6F6EC9C1B5E6E3C00A996A9 /* Info.plist */,
				A6F6EC9D1B5E6E3C00A996A9 /* main.m */,
			);
			name = "Supporting Files";
			sourceTree = "<group>";
		};
		A6F6ECB41B5E6E3C00A996A9 /* VTZKeyValueTests */ = {
			isa = PBXGroup;
			children = (
				A6F6ECB71B5E6E3C00A996A9 /* VTZKeyValueTests.m */,
				A6F6ECB51B5E6E3C00A996A9 /* Supporting Files */,
			);
			path = VTZKeyValueTests;
			sourceTree = "<group>";
		};
		A6F6ECB51B5E6E3C00A996A9 /* Supporting Files */ = {
			isa = PBXGroup;
			children = (
				A6F6ECB61B5E6E3C00A996A9 /* Info.plist */,
			);
			name = "Supporting Files";
			sourceTree = "<group>";
		};
		A6F6ECCA1B5EA46F00A996A9 /* RacHelper */ = {
			isa = PBXGroup;
			children = (
				A6F6ECC81B5EA46300A996A9 /* RACEXTScope.h */,
				A6F6ECC91B5EA46300A996A9 /* RACmetamacros.h */,
			);
			name = RacHelper;
			sourceTree = "<group>";
		};
/* End PBXGroup section */

/* Begin PBXNativeTarget section */
		A6F6EC971B5E6E3C00A996A9 /* VTZKeyValue */ = {
			isa = PBXNativeTarget;
			buildConfigurationList = A6F6ECBB1B5E6E3C00A996A9 /* Build configuration list for PBXNativeTarget "VTZKeyValue" */;
			buildPhases = (
				627868A4727F3F6D9AB00380 /* Check Pods Manifest.lock */,
				A6F6EC941B5E6E3C00A996A9 /* Sources */,
				A6F6EC951B5E6E3C00A996A9 /* Frameworks */,
				A6F6EC961B5E6E3C00A996A9 /* Resources */,
				F9644CC60194BA4BE6C04E3B /* Copy Pods Resources */,
			);
			buildRules = (
			);
			dependencies = (
			);
			name = VTZKeyValue;
			productName = VTZKeyValue;
			productReference = A6F6EC981B5E6E3C00A996A9 /* VTZKeyValue.app */;
			productType = "com.apple.product-type.application";
		};
		A6F6ECB01B5E6E3C00A996A9 /* VTZKeyValueTests */ = {
			isa = PBXNativeTarget;
			buildConfigurationList = A6F6ECBE1B5E6E3C00A996A9 /* Build configuration list for PBXNativeTarget "VTZKeyValueTests" */;
			buildPhases = (
				A6F6ECAD1B5E6E3C00A996A9 /* Sources */,
				A6F6ECAE1B5E6E3C00A996A9 /* Frameworks */,
				A6F6ECAF1B5E6E3C00A996A9 /* Resources */,
			);
			buildRules = (
			);
			dependencies = (
				A6F6ECB31B5E6E3C00A996A9 /* PBXTargetDependency */,
			);
			name = VTZKeyValueTests;
			productName = VTZKeyValueTests;
			productReference = A6F6ECB11B5E6E3C00A996A9 /* VTZKeyValueTests.xctest */;
			productType = "com.apple.product-type.bundle.unit-test";
		};
/* End PBXNativeTarget section */

/* Begin PBXProject section */
		A6F6EC901B5E6E3C00A996A9 /* Project object */ = {
			isa = PBXProject;
			attributes = {
				LastUpgradeCheck = 0640;
				ORGANIZATIONNAME = "Veight Zhou";
				TargetAttributes = {
					A6F6EC971B5E6E3C00A996A9 = {
						CreatedOnToolsVersion = 6.4;
					};
					A6F6ECB01B5E6E3C00A996A9 = {
						CreatedOnToolsVersion = 6.4;
						TestTargetID = A6F6EC971B5E6E3C00A996A9;
					};
				};
			};
			buildConfigurationList = A6F6EC931B5E6E3C00A996A9 /* Build configuration list for PBXProject "VTZKeyValue" */;
			compatibilityVersion = "Xcode 3.2";
			developmentRegion = English;
			hasScannedForEncodings = 0;
			knownRegions = (
				en,
				Base,
			);
			mainGroup = A6F6EC8F1B5E6E3C00A996A9;
			productRefGroup = A6F6EC991B5E6E3C00A996A9 /* Products */;
			projectDirPath = "";
			projectRoot = "";
			targets = (
				A6F6EC971B5E6E3C00A996A9 /* VTZKeyValue */,
				A6F6ECB01B5E6E3C00A996A9 /* VTZKeyValueTests */,
			);
		};
/* End PBXProject section */

/* Begin PBXResourcesBuildPhase section */
		A6F6EC961B5E6E3C00A996A9 /* Resources */ = {
			isa = PBXResourcesBuildPhase;
			buildActionMask = 2147483647;
			files = (
				A6F6ECA71B5E6E3C00A996A9 /* Main.storyboard in Resources */,
				A6F6ECAC1B5E6E3C00A996A9 /* LaunchScreen.xib in Resources */,
				A6F6ECA91B5E6E3C00A996A9 /* Images.xcassets in Resources */,
			);
			runOnlyForDeploymentPostprocessing = 0;
		};
		A6F6ECAF1B5E6E3C00A996A9 /* Resources */ = {
			isa = PBXResourcesBuildPhase;
			buildActionMask = 2147483647;
			files = (
			);
			runOnlyForDeploymentPostprocessing = 0;
		};
/* End PBXResourcesBuildPhase section */

/* Begin PBXShellScriptBuildPhase section */
		627868A4727F3F6D9AB00380 /* Check Pods Manifest.lock */ = {
			isa = PBXShellScriptBuildPhase;
			buildActionMask = 2147483647;
			files = (
			);
			inputPaths = (
			);
			name = "Check Pods Manifest.lock";
			outputPaths = (
			);
			runOnlyForDeploymentPostprocessing = 0;
			shellPath = /bin/sh;
			shellScript = "diff \"${PODS_ROOT}/../Podfile.lock\" \"${PODS_ROOT}/Manifest.lock\" > /dev/null\nif [[ $? != 0 ]] ; then\n    cat << EOM\nerror: The sandbox is not in sync with the Podfile.lock. Run 'pod install' or update your CocoaPods installation.\nEOM\n    exit 1\nfi\n";
			showEnvVarsInLog = 0;
		};
		F9644CC60194BA4BE6C04E3B /* Copy Pods Resources */ = {
			isa = PBXShellScriptBuildPhase;
			buildActionMask = 2147483647;
			files = (
			);
			inputPaths = (
			);
			name = "Copy Pods Resources";
			outputPaths = (
			);
			runOnlyForDeploymentPostprocessing = 0;
			shellPath = /bin/sh;
			shellScript = "\"${SRCROOT}/Pods/Target Support Files/Pods/Pods-resources.sh\"\n";
			showEnvVarsInLog = 0;
		};
/* End PBXShellScriptBuildPhase section */

/* Begin PBXSourcesBuildPhase section */
		A6F6EC941B5E6E3C00A996A9 /* Sources */ = {
			isa = PBXSourcesBuildPhase;
			buildActionMask = 2147483647;
			files = (
				A6F6ECA41B5E6E3C00A996A9 /* ViewController.m in Sources */,
				A6F6ECC31B5E911300A996A9 /* DataManager.m in Sources */,
				A6F6ECA11B5E6E3C00A996A9 /* AppDelegate.m in Sources */,
				A6F6EC9E1B5E6E3C00A996A9 /* main.m in Sources */,
			);
			runOnlyForDeploymentPostprocessing = 0;
		};
		A6F6ECAD1B5E6E3C00A996A9 /* Sources */ = {
			isa = PBXSourcesBuildPhase;
			buildActionMask = 2147483647;
			files = (
				A6F6ECB81B5E6E3C00A996A9 /* VTZKeyValueTests.m in Sources */,
			);
			runOnlyForDeploymentPostprocessing = 0;
		};
/* End PBXSourcesBuildPhase section */

/* Begin PBXTargetDependency section */
		A6F6ECB31B5E6E3C00A996A9 /* PBXTargetDependency */ = {
			isa = PBXTargetDependency;
			target = A6F6EC971B5E6E3C00A996A9 /* VTZKeyValue */;
			targetProxy = A6F6ECB21B5E6E3C00A996A9 /* PBXContainerItemProxy */;
		};
/* End PBXTargetDependency section */

/* Begin PBXVariantGroup section */
		A6F6ECA51B5E6E3C00A996A9 /* Main.storyboard */ = {
			isa = PBXVariantGroup;
			children = (
				A6F6ECA61B5E6E3C00A996A9 /* Base */,
			);
			name = Main.storyboard;
			sourceTree = "<group>";
		};
		A6F6ECAA1B5E6E3C00A996A9 /* LaunchScreen.xib */ = {
			isa = PBXVariantGroup;
			children = (
				A6F6ECAB1B5E6E3C00A996A9 /* Base */,
			);
			name = LaunchScreen.xib;
			sourceTree = "<group>";
		};
/* End PBXVariantGroup section */

/* Begin XCBuildConfiguration section */
		A6F6ECB91B5E6E3C00A996A9 /* Debug */ = {
			isa = XCBuildConfiguration;
			buildSettings = {
				ALWAYS_SEARCH_USER_PATHS = NO;
				CLANG_CXX_LANGUAGE_STANDARD = "gnu++0x";
				CLANG_CXX_LIBRARY = "libc++";
				CLANG_ENABLE_MODULES = YES;
				CLANG_ENABLE_OBJC_ARC = YES;
				CLANG_WARN_BOOL_CONVERSION = YES;
				CLANG_WARN_CONSTANT_CONVERSION = YES;
				CLANG_WARN_DIRECT_OBJC_ISA_USAGE = YES_ERROR;
				CLANG_WARN_EMPTY_BODY = YES;
				CLANG_WARN_ENUM_CONVERSION = YES;
				CLANG_WARN_INT_CONVERSION = YES;
				CLANG_WARN_OBJC_ROOT_CLASS = YES_ERROR;
				CLANG_WARN_UNREACHABLE_CODE = YES;
				CLANG_WARN__DUPLICATE_METHOD_MATCH = YES;
				"CODE_SIGN_IDENTITY[sdk=iphoneos*]" = "iPhone Developer";
				COPY_PHASE_STRIP = NO;
				DEBUG_INFORMATION_FORMAT = "dwarf-with-dsym";
				ENABLE_STRICT_OBJC_MSGSEND = YES;
				GCC_C_LANGUAGE_STANDARD = gnu99;
				GCC_DYNAMIC_NO_PIC = NO;
				GCC_NO_COMMON_BLOCKS = YES;
				GCC_OPTIMIZATION_LEVEL = 0;
				GCC_PREPROCESSOR_DEFINITIONS = (
					"DEBUG=1",
					"$(inherited)",
				);
				GCC_SYMBOLS_PRIVATE_EXTERN = NO;
				GCC_WARN_64_TO_32_BIT_CONVERSION = YES;
				GCC_WARN_ABOUT_RETURN_TYPE = YES_ERROR;
				GCC_WARN_UNDECLARED_SELECTOR = YES;
				GCC_WARN_UNINITIALIZED_AUTOS = YES_AGGRESSIVE;
				GCC_WARN_UNUSED_FUNCTION = YES;
				GCC_WARN_UNUSED_VARIABLE = YES;
				IPHONEOS_DEPLOYMENT_TARGET = 7.0;
				MTL_ENABLE_DEBUG_INFO = YES;
				ONLY_ACTIVE_ARCH = YES;
				SDKROOT = iphoneos;
			};
			name = Debug;
		};
		A6F6ECBA1B5E6E3C00A996A9 /* Release */ = {
			isa = XCBuildConfiguration;
			buildSettings = {
				ALWAYS_SEARCH_USER_PATHS = NO;
				CLANG_CXX_LANGUAGE_STANDARD = "gnu++0x";
				CLANG_CXX_LIBRARY = "libc++";
				CLANG_ENABLE_MODULES = YES;
				CLANG_ENABLE_OBJC_ARC = YES;
				CLANG_WARN_BOOL_CONVERSION = YES;
				CLANG_WARN_CONSTANT_CONVERSION = YES;
				CLANG_WARN_DIRECT_OBJC_ISA_USAGE = YES_ERROR;
				CLANG_WARN_EMPTY_BODY = YES;
				CLANG_WARN_ENUM_CONVERSION = YES;
				CLANG_WARN_INT_CONVERSION = YES;
				CLANG_WARN_OBJC_ROOT_CLASS = YES_ERROR;
				CLANG_WARN_UNREACHABLE_CODE = YES;
				CLANG_WARN__DUPLICATE_METHOD_MATCH = YES;
				"CODE_SIGN_IDENTITY[sdk=iphoneos*]" = "iPhone Developer";
				COPY_PHASE_STRIP = NO;
				DEBUG_INFORMATION_FORMAT = "dwarf-with-dsym";
				ENABLE_NS_ASSERTIONS = NO;
				ENABLE_STRICT_OBJC_MSGSEND = YES;
				GCC_C_LANGUAGE_STANDARD = gnu99;
				GCC_NO_COMMON_BLOCKS = YES;
				GCC_WARN_64_TO_32_BIT_CONVERSION = YES;
				GCC_WARN_ABOUT_RETURN_TYPE = YES_ERROR;
				GCC_WARN_UNDECLARED_SELECTOR = YES;
				GCC_WARN_UNINITIALIZED_AUTOS = YES_AGGRESSIVE;
				GCC_WARN_UNUSED_FUNCTION = YES;
				GCC_WARN_UNUSED_VARIABLE = YES;
				IPHONEOS_DEPLOYMENT_TARGET = 7.0;
				MTL_ENABLE_DEBUG_INFO = NO;
				SDKROOT = iphoneos;
				VALIDATE_PRODUCT = YES;
			};
			name = Release;
		};
		A6F6ECBC1B5E6E3C00A996A9 /* Debug */ = {
			isa = XCBuildConfiguration;
			baseConfigurationReference = 0B1C21BE954A1B8C834269AD /* Pods.debug.xcconfig */;
			buildSettings = {
				ASSETCATALOG_COMPILER_APPICON_NAME = AppIcon;
				CODE_SIGN_IDENTITY = "iPhone Developer";
				INFOPLIST_FILE = VTZKeyValue/Info.plist;
				LD_RUNPATH_SEARCH_PATHS = "$(inherited) @executable_path/Frameworks";
				PRODUCT_NAME = "$(TARGET_NAME)";
			};
			name = Debug;
		};
		A6F6ECBD1B5E6E3C00A996A9 /* Release */ = {
			isa = XCBuildConfiguration;
			baseConfigurationReference = B1C93097776A29DA8E334FB7 /* Pods.release.xcconfig */;
			buildSettings = {
				ASSETCATALOG_COMPILER_APPICON_NAME = AppIcon;
				CODE_SIGN_IDENTITY = "iPhone Developer";
				INFOPLIST_FILE = VTZKeyValue/Info.plist;
				LD_RUNPATH_SEARCH_PATHS = "$(inherited) @executable_path/Frameworks";
				PRODUCT_NAME = "$(TARGET_NAME)";
			};
			name = Release;
		};
		A6F6ECBF1B5E6E3C00A996A9 /* Debug */ = {
			isa = XCBuildConfiguration;
			buildSettings = {
				BUNDLE_LOADER = "$(TEST_HOST)";
				FRAMEWORK_SEARCH_PATHS = (
					"$(SDKROOT)/Developer/Library/Frameworks",
					"$(inherited)",
				);
				GCC_PREPROCESSOR_DEFINITIONS = (
					"DEBUG=1",
					"$(inherited)",
				);
				INFOPLIST_FILE = VTZKeyValueTests/Info.plist;
				LD_RUNPATH_SEARCH_PATHS = "$(inherited) @executable_path/Frameworks @loader_path/Frameworks";
				PRODUCT_NAME = "$(TARGET_NAME)";
				TEST_HOST = "$(BUILT_PRODUCTS_DIR)/VTZKeyValue.app/VTZKeyValue";
			};
			name = Debug;
		};
		A6F6ECC01B5E6E3C00A996A9 /* Release */ = {
			isa = XCBuildConfiguration;
			buildSettings = {
				BUNDLE_LOADER = "$(TEST_HOST)";
				FRAMEWORK_SEARCH_PATHS = (
					"$(SDKROOT)/Developer/Library/Frameworks",
					"$(inherited)",
				);
				INFOPLIST_FILE = VTZKeyValueTests/Info.plist;
				LD_RUNPATH_SEARCH_PATHS = "$(inherited) @executable_path/Frameworks @loader_path/Frameworks";
				PRODUCT_NAME = "$(TARGET_NAME)";
				TEST_HOST = "$(BUILT_PRODUCTS_DIR)/VTZKeyValue.app/VTZKeyValue";
			};
			name = Release;
		};
/* End XCBuildConfiguration section */

/* Begin XCConfigurationList section */
		A6F6EC931B5E6E3C00A996A9 /* Build configuration list for PBXProject "VTZKeyValue" */ = {
			isa = XCConfigurationList;
			buildConfigurations = (
				A6F6ECB91B5E6E3C00A996A9 /* Debug */,
				A6F6ECBA1B5E6E3C00A996A9 /* Release */,
			);
			defaultConfigurationIsVisible = 0;
			defaultConfigurationName = Release;
		};
		A6F6ECBB1B5E6E3C00A996A9 /* Build configuration list for PBXNativeTarget "VTZKeyValue" */ = {
			isa = XCConfigurationList;
			buildConfigurations = (
				A6F6ECBC1B5E6E3C00A996A9 /* Debug */,
				A6F6ECBD1B5E6E3C00A996A9 /* Release */,
			);
			defaultConfigurationIsVisible = 0;
			defaultConfigurationName = Release;
		};
		A6F6ECBE1B5E6E3C00A996A9 /* Build configuration list for PBXNativeTarget "VTZKeyValueTests" */ = {
			isa = XCConfigurationList;
			buildConfigurations = (
				A6F6ECBF1B5E6E3C00A996A9 /* Debug */,
				A6F6ECC01B5E6E3C00A996A9 /* Release */,
			);
			defaultConfigurationIsVisible = 0;
			defaultConfigurationName = Release;
		};
/* End XCConfigurationList section */
	};
	rootObject = A6F6EC901B5E6E3C00A996A9 /* Project object */;
}
